// !$*UTF8*$!
{
	archiveVersion = 1;
	classes = {
	};
	objectVersion = 50;
	objects = {

/* Begin PBXBuildFile section */
		FB10D2B52279EF61008038EA /* AppDelegate.swift in Sources */ = {isa = PBXBuildFile; fileRef = FB10D2B42279EF61008038EA /* AppDelegate.swift */; };
		FB10D2B72279EF61008038EA /* ContactsViewController.swift in Sources */ = {isa = PBXBuildFile; fileRef = FB10D2B62279EF61008038EA /* ContactsViewController.swift */; };
		FB10D2B92279EF61008038EA /* FamilyViewController.swift in Sources */ = {isa = PBXBuildFile; fileRef = FB10D2B82279EF61008038EA /* FamilyViewController.swift */; };
		FB10D2BC2279EF61008038EA /* Main.storyboard in Resources */ = {isa = PBXBuildFile; fileRef = FB10D2BA2279EF61008038EA /* Main.storyboard */; };
		FB10D2BE2279EF62008038EA /* Assets.xcassets in Resources */ = {isa = PBXBuildFile; fileRef = FB10D2BD2279EF62008038EA /* Assets.xcassets */; };
		FB10D2C12279EF62008038EA /* LaunchScreen.storyboard in Resources */ = {isa = PBXBuildFile; fileRef = FB10D2BF2279EF62008038EA /* LaunchScreen.storyboard */; };
		FB10D2C92279EFB1008038EA /* Models.swift in Sources */ = {isa = PBXBuildFile; fileRef = FB10D2C82279EFB1008038EA /* Models.swift */; };
		FB10D2CC2279F416008038EA /* AddContactViewController.swift in Sources */ = {isa = PBXBuildFile; fileRef = FB10D2CA2279F416008038EA /* AddContactViewController.swift */; };
		FB10D2CD2279F416008038EA /* AddContactViewController.xib in Resources */ = {isa = PBXBuildFile; fileRef = FB10D2CB2279F416008038EA /* AddContactViewController.xib */; };
		FB10D2D22279FBBB008038EA /* ContactCell.swift in Sources */ = {isa = PBXBuildFile; fileRef = FB10D2D02279FBBB008038EA /* ContactCell.swift */; };
/* End PBXBuildFile section */

/* Begin PBXFileReference section */
		FB10D2B12279EF61008038EA /* PhoneList.app */ = {isa = PBXFileReference; explicitFileType = wrapper.application; includeInIndex = 0; path = PhoneList.app; sourceTree = BUILT_PRODUCTS_DIR; };
		FB10D2B42279EF61008038EA /* AppDelegate.swift */ = {isa = PBXFileReference; lastKnownFileType = sourcecode.swift; path = AppDelegate.swift; sourceTree = "<group>"; };
		FB10D2B62279EF61008038EA /* ContactsViewController.swift */ = {isa = PBXFileReference; lastKnownFileType = sourcecode.swift; path = ContactsViewController.swift; sourceTree = "<group>"; };
		FB10D2B82279EF61008038EA /* FamilyViewController.swift */ = {isa = PBXFileReference; lastKnownFileType = sourcecode.swift; path = FamilyViewController.swift; sourceTree = "<group>"; };
		FB10D2BB2279EF61008038EA /* Base */ = {isa = PBXFileReference; lastKnownFileType = file.storyboard; name = Base; path = Base.lproj/Main.storyboard; sourceTree = "<group>"; };
		FB10D2BD2279EF62008038EA /* Assets.xcassets */ = {isa = PBXFileReference; lastKnownFileType = folder.assetcatalog; path = Assets.xcassets; sourceTree = "<group>"; };
		FB10D2C02279EF62008038EA /* Base */ = {isa = PBXFileReference; lastKnownFileType = file.storyboard; name = Base; path = Base.lproj/LaunchScreen.storyboard; sourceTree = "<group>"; };
		FB10D2C22279EF62008038EA /* Info.plist */ = {isa = PBXFileReference; lastKnownFileType = text.plist.xml; path = Info.plist; sourceTree = "<group>"; };
		FB10D2C82279EFB1008038EA /* Models.swift */ = {isa = PBXFileReference; lastKnownFileType = sourcecode.swift; path = Models.swift; sourceTree = "<group>"; };
		FB10D2CA2279F416008038EA /* AddContactViewController.swift */ = {isa = PBXFileReference; lastKnownFileType = sourcecode.swift; path = AddContactViewController.swift; sourceTree = "<group>"; };
		FB10D2CB2279F416008038EA /* AddContactViewController.xib */ = {isa = PBXFileReference; lastKnownFileType = file.xib; path = AddContactViewController.xib; sourceTree = "<group>"; };
		FB10D2D02279FBBB008038EA /* ContactCell.swift */ = {isa = PBXFileReference; lastKnownFileType = sourcecode.swift; path = ContactCell.swift; sourceTree = "<group>"; };
/* End PBXFileReference section */

/* Begin PBXFrameworksBuildPhase section */
		FB10D2AE2279EF61008038EA /* Frameworks */ = {
			isa = PBXFrameworksBuildPhase;
			buildActionMask = 2147483647;
			files = (
			);
			runOnlyForDeploymentPostprocessing = 0;
		};
/* End PBXFrameworksBuildPhase section */

/* Begin PBXGroup section */
		FB10D2A82279EF61008038EA = {
			isa = PBXGroup;
			children = (
				FB10D2B32279EF61008038EA /* PhoneList */,
				FB10D2B22279EF61008038EA /* Products */,
			);
			sourceTree = "<group>";
		};
		FB10D2B22279EF61008038EA /* Products */ = {
			isa = PBXGroup;
			children = (
				FB10D2B12279EF61008038EA /* PhoneList.app */,
			);
			name = Products;
			sourceTree = "<group>";
		};
		FB10D2B32279EF61008038EA /* PhoneList */ = {
			isa = PBXGroup;
			children = (
				FB10D2B42279EF61008038EA /* AppDelegate.swift */,
				FB10D2D5227A00FD008038EA /* Contact */,
				FB10D2B82279EF61008038EA /* FamilyViewController.swift */,
				FB10D2C82279EFB1008038EA /* Models.swift */,
				FB10D2BA2279EF61008038EA /* Main.storyboard */,
				FB10D2BD2279EF62008038EA /* Assets.xcassets */,
				FB10D2BF2279EF62008038EA /* LaunchScreen.storyboard */,
				FB10D2C22279EF62008038EA /* Info.plist */,
			);
			path = PhoneList;
			sourceTree = "<group>";
		};
		FB10D2D5227A00FD008038EA /* Contact */ = {
			isa = PBXGroup;
			children = (
				FB10D2D02279FBBB008038EA /* ContactCell.swift */,
				FB10D2B62279EF61008038EA /* ContactsViewController.swift */,
				FB10D2CA2279F416008038EA /* AddContactViewController.swift */,
				FB10D2CB2279F416008038EA /* AddContactViewController.xib */,
			);
			path = Contact;
			sourceTree = "<group>";
		};
/* End PBXGroup section */

/* Begin PBXNativeTarget section */
		FB10D2B02279EF61008038EA /* PhoneList */ = {
			isa = PBXNativeTarget;
			buildConfigurationList = FB10D2C52279EF62008038EA /* Build configuration list for PBXNativeTarget "PhoneList" */;
			buildPhases = (
				FB10D2AD2279EF61008038EA /* Sources */,
				FB10D2AE2279EF61008038EA /* Frameworks */,
				FB10D2AF2279EF61008038EA /* Resources */,
			);
			buildRules = (
			);
			dependencies = (
			);
			name = PhoneList;
			productName = PhoneList;
			productReference = FB10D2B12279EF61008038EA /* PhoneList.app */;
			productType = "com.apple.product-type.application";
		};
/* End PBXNativeTarget section */

/* Begin PBXProject section */
		FB10D2A92279EF61008038EA /* Project object */ = {
			isa = PBXProject;
			attributes = {
				LastSwiftUpdateCheck = 1020;
				LastUpgradeCheck = 1020;
				ORGANIZATIONNAME = "Rob Napier";
				TargetAttributes = {
					FB10D2B02279EF61008038EA = {
						CreatedOnToolsVersion = 10.2;
					};
				};
			};
			buildConfigurationList = FB10D2AC2279EF61008038EA /* Build configuration list for PBXProject "PhoneList" */;
			compatibilityVersion = "Xcode 9.3";
			developmentRegion = en;
			hasScannedForEncodings = 0;
			knownRegions = (
				en,
				Base,
			);
			mainGroup = FB10D2A82279EF61008038EA;
			productRefGroup = FB10D2B22279EF61008038EA /* Products */;
			projectDirPath = "";
			projectRoot = "";
			targets = (
				FB10D2B02279EF61008038EA /* PhoneList */,
			);
		};
/* End PBXProject section */

/* Begin PBXResourcesBuildPhase section */
		FB10D2AF2279EF61008038EA /* Resources */ = {
			isa = PBXResourcesBuildPhase;
			buildActionMask = 2147483647;
			files = (
				FB10D2C12279EF62008038EA /* LaunchScreen.storyboard in Resources */,
				FB10D2CD2279F416008038EA /* AddContactViewController.xib in Resources */,
				FB10D2BE2279EF62008038EA /* Assets.xcassets in Resources */,
				FB10D2BC2279EF61008038EA /* Main.storyboard in Resources */,
			);
			runOnlyForDeploymentPostprocessing = 0;
		};
/* End PBXResourcesBuildPhase section */

/* Begin PBXSourcesBuildPhase section */
		FB10D2AD2279EF61008038EA /* Sources */ = {
			isa = PBXSourcesBuildPhase;
			buildActionMask = 2147483647;
			files = (
				FB10D2D22279FBBB008038EA /* ContactCell.swift in Sources */,
				FB10D2CC2279F416008038EA /* AddContactViewController.swift in Sources */,
				FB10D2B92279EF61008038EA /* FamilyViewController.swift in Sources */,
				FB10D2B52279EF61008038EA /* AppDelegate.swift in Sources */,
				FB10D2B72279EF61008038EA /* ContactsViewController.swift in Sources */,
				FB10D2C92279EFB1008038EA /* Models.swift in Sources */,
			);
			runOnlyForDeploymentPostprocessing = 0;
		};
/* End PBXSourcesBuildPhase section */

/* Begin PBXVariantGroup section */
		FB10D2BA2279EF61008038EA /* Main.storyboard */ = {
			isa = PBXVariantGroup;
			children = (
				FB10D2BB2279EF61008038EA /* Base */,
			);
			name = Main.storyboard;
			sourceTree = "<group>";
		};
		FB10D2BF2279EF62008038EA /* LaunchScreen.storyboard */ = {
			isa = PBXVariantGroup;
			children = (
				FB10D2C02279EF62008038EA /* Base */,
			);
			name = LaunchScreen.storyboard;
			sourceTree = "<group>";
		};
/* End PBXVariantGroup section */

/* Begin XCBuildConfiguration section */
		FB10D2C32279EF62008038EA /* Debug */ = {
			isa = XCBuildConfiguration;
			buildSettings = {
				ALWAYS_SEARCH_USER_PATHS = NO;
				CLANG_ANALYZER_NONNULL = YES;
				CLANG_ANALYZER_NUMBER_OBJECT_CONVERSION = YES_AGGRESSIVE;
				CLANG_CXX_LANGUAGE_STANDARD = "gnu++14";
				CLANG_CXX_LIBRARY = "libc++";
				CLANG_ENABLE_MODULES = YES;
				CLANG_ENABLE_OBJC_ARC = YES;
				CLANG_ENABLE_OBJC_WEAK = YES;
				CLANG_WARN_BLOCK_CAPTURE_AUTORELEASING = YES;
				CLANG_WARN_BOOL_CONVERSION = YES;
				CLANG_WARN_COMMA = YES;
				CLANG_WARN_CONSTANT_CONVERSION = YES;
				CLANG_WARN_DEPRECATED_OBJC_IMPLEMENTATIONS = YES;
				CLANG_WARN_DIRECT_OBJC_ISA_USAGE = YES_ERROR;
				CLANG_WARN_DOCUMENTATION_COMMENTS = YES;
				CLANG_WARN_EMPTY_BODY = YES;
				CLANG_WARN_ENUM_CONVERSION = YES;
				CLANG_WARN_INFINITE_RECURSION = YES;
				CLANG_WARN_INT_CONVERSION = YES;
				CLANG_WARN_NON_LITERAL_NULL_CONVERSION = YES;
				CLANG_WARN_OBJC_IMPLICIT_RETAIN_SELF = YES;
				CLANG_WARN_OBJC_LITERAL_CONVERSION = YES;
				CLANG_WARN_OBJC_ROOT_CLASS = YES_ERROR;
				CLANG_WARN_RANGE_LOOP_ANALYSIS = YES;
				CLANG_WARN_STRICT_PROTOTYPES = YES;
				CLANG_WARN_SUSPICIOUS_MOVE = YES;
				CLANG_WARN_UNGUARDED_AVAILABILITY = YES_AGGRESSIVE;
				CLANG_WARN_UNREACHABLE_CODE = YES;
				CLANG_WARN__DUPLICATE_METHOD_MATCH = YES;
				CODE_SIGN_IDENTITY = "iPhone Developer";
				COPY_PHASE_STRIP = NO;
				DEBUG_INFORMATION_FORMAT = dwarf;
				ENABLE_STRICT_OBJC_MSGSEND = YES;
				ENABLE_TESTABILITY = YES;
				GCC_C_LANGUAGE_STANDARD = gnu11;
				GCC_DYNAMIC_NO_PIC = NO;
				GCC_NO_COMMON_BLOCKS = YES;
				GCC_OPTIMIZATION_LEVEL = 0;
				GCC_PREPROCESSOR_DEFINITIONS = (
					"DEBUG=1",
					"$(inherited)",
				);
				GCC_WARN_64_TO_32_BIT_CONVERSION = YES;
				GCC_WARN_ABOUT_RETURN_TYPE = YES_ERROR;
				GCC_WARN_UNDECLARED_SELECTOR = YES;
				GCC_WARN_UNINITIALIZED_AUTOS = YES_AGGRESSIVE;
				GCC_WARN_UNUSED_FUNCTION = YES;
				GCC_WARN_UNUSED_VARIABLE = YES;
				IPHONEOS_DEPLOYMENT_TARGET = 12.2;
				MTL_ENABLE_DEBUG_INFO = INCLUDE_SOURCE;
				MTL_FAST_MATH = YES;
				ONLY_ACTIVE_ARCH = YES;
				SDKROOT = iphoneos;
				SWIFT_ACTIVE_COMPILATION_CONDITIONS = DEBUG;
				SWIFT_OPTIMIZATION_LEVEL = "-Onone";
			};
			name = Debug;
		};
		FB10D2C42279EF62008038EA /* Release */ = {
			isa = XCBuildConfiguration;
			buildSettings = {
				ALWAYS_SEARCH_USER_PATHS = NO;
				CLANG_ANALYZER_NONNULL = YES;
				CLANG_ANALYZER_NUMBER_OBJECT_CONVERSION = YES_AGGRESSIVE;
				CLANG_CXX_LANGUAGE_STANDARD = "gnu++14";
				CLANG_CXX_LIBRARY = "libc++";
				CLANG_ENABLE_MODULES = YES;
				CLANG_ENABLE_OBJC_ARC = YES;
				CLANG_ENABLE_OBJC_WEAK = YES;
				CLANG_WARN_BLOCK_CAPTURE_AUTORELEASING = YES;
				CLANG_WARN_BOOL_CONVERSION = YES;
				CLANG_WARN_COMMA = YES;
				CLANG_WARN_CONSTANT_CONVERSION = YES;
				CLANG_WARN_DEPRECATED_OBJC_IMPLEMENTATIONS = YES;
				CLANG_WARN_DIRECT_OBJC_ISA_USAGE = YES_ERROR;
				CLANG_WARN_DOCUMENTATION_COMMENTS = YES;
				CLANG_WARN_EMPTY_BODY = YES;
				CLANG_WARN_ENUM_CONVERSION = YES;
				CLANG_WARN_INFINITE_RECURSION = YES;
				CLANG_WARN_INT_CONVERSION = YES;
				CLANG_WARN_NON_LITERAL_NULL_CONVERSION = YES;
				CLANG_WARN_OBJC_IMPLICIT_RETAIN_SELF = YES;
				CLANG_WARN_OBJC_LITERAL_CONVERSION = YES;
				CLANG_WARN_OBJC_ROOT_CLASS = YES_ERROR;
				CLANG_WARN_RANGE_LOOP_ANALYSIS = YES;
				CLANG_WARN_STRICT_PROTOTYPES = YES;
				CLANG_WARN_SUSPICIOUS_MOVE = YES;
				CLANG_WARN_UNGUARDED_AVAILABILITY = YES_AGGRESSIVE;
				CLANG_WARN_UNREACHABLE_CODE = YES;
				CLANG_WARN__DUPLICATE_METHOD_MATCH = YES;
				CODE_SIGN_IDENTITY = "iPhone Developer";
				COPY_PHASE_STRIP = NO;
				DEBUG_INFORMATION_FORMAT = "dwarf-with-dsym";
				ENABLE_NS_ASSERTIONS = NO;
				ENABLE_STRICT_OBJC_MSGSEND = YES;
				GCC_C_LANGUAGE_STANDARD = gnu11;
				GCC_NO_COMMON_BLOCKS = YES;
				GCC_WARN_64_TO_32_BIT_CONVERSION = YES;
				GCC_WARN_ABOUT_RETURN_TYPE = YES_ERROR;
				GCC_WARN_UNDECLARED_SELECTOR = YES;
				GCC_WARN_UNINITIALIZED_AUTOS = YES_AGGRESSIVE;
				GCC_WARN_UNUSED_FUNCTION = YES;
				GCC_WARN_UNUSED_VARIABLE = YES;
				IPHONEOS_DEPLOYMENT_TARGET = 12.2;
				MTL_ENABLE_DEBUG_INFO = NO;
				MTL_FAST_MATH = YES;
				SDKROOT = iphoneos;
				SWIFT_COMPILATION_MODE = wholemodule;
				SWIFT_OPTIMIZATION_LEVEL = "-O";
				VALIDATE_PRODUCT = YES;
			};
			name = Release;
		};
		FB10D2C62279EF62008038EA /* Debug */ = {
			isa = XCBuildConfiguration;
			buildSettings = {
				ASSETCATALOG_COMPILER_APPICON_NAME = AppIcon;
				CODE_SIGN_STYLE = Automatic;
				DEVELOPMENT_TEAM = J374TBL6J6;
				INFOPLIST_FILE = PhoneList/Info.plist;
				LD_RUNPATH_SEARCH_PATHS = (
					"$(inherited)",
					"@executable_path/Frameworks",
				);
				PRODUCT_BUNDLE_IDENTIFIER = net.robnapier.PhoneList;
				PRODUCT_NAME = "$(TARGET_NAME)";
				SWIFT_VERSION = 5.0;
				TARGETED_DEVICE_FAMILY = "1,2";
			};
			name = Debug;
		};
		FB10D2C72279EF62008038EA /* Release */ = {
			isa = XCBuildConfiguration;
			buildSettings = {
				ASSETCATALOG_COMPILER_APPICON_NAME = AppIcon;
				CODE_SIGN_STYLE = Automatic;
				DEVELOPMENT_TEAM = J374TBL6J6;
				INFOPLIST_FILE = PhoneList/Info.plist;
				LD_RUNPATH_SEARCH_PATHS = (
					"$(inherited)",
					"@executable_path/Frameworks",
				);
				PRODUCT_BUNDLE_IDENTIFIER = net.robnapier.PhoneList;
				PRODUCT_NAME = "$(TARGET_NAME)";
				SWIFT_VERSION = 5.0;
				TARGETED_DEVICE_FAMILY = "1,2";
			};
			name = Release;
		};
/* End XCBuildConfiguration section */

/* Begin XCConfigurationList section */
		FB10D2AC2279EF61008038EA /* Build configuration list for PBXProject "PhoneList" */ = {
			isa = XCConfigurationList;
			buildConfigurations = (
				FB10D2C32279EF62008038EA /* Debug */,
				FB10D2C42279EF62008038EA /* Release */,
			);
			defaultConfigurationIsVisible = 0;
			defaultConfigurationName = Release;
		};
		FB10D2C52279EF62008038EA /* Build configuration list for PBXNativeTarget "PhoneList" */ = {
			isa = XCConfigurationList;
			buildConfigurations = (
				FB10D2C62279EF62008038EA /* Debug */,
				FB10D2C72279EF62008038EA /* Release */,
			);
			defaultConfigurationIsVisible = 0;
			defaultConfigurationName = Release;
		};
/* End XCConfigurationList section */
	};
	rootObject = FB10D2A92279EF61008038EA /* Project object */;
}
